// !$*UTF8*$!
{
	archiveVersion = 1;
	classes = {
	};
	objectVersion = 46;
	objects = {

/* Begin PBXBuildFile section */
		A213FF7C1C04477E001CD037 /* AppDelegate.swift in Sources */ = {isa = PBXBuildFile; fileRef = A213FF7B1C04477E001CD037 /* AppDelegate.swift */; };
		A213FF7E1C04477E001CD037 /* ViewController.swift in Sources */ = {isa = PBXBuildFile; fileRef = A213FF7D1C04477E001CD037 /* ViewController.swift */; };
		A213FF811C04477E001CD037 /* Main.storyboard in Resources */ = {isa = PBXBuildFile; fileRef = A213FF7F1C04477E001CD037 /* Main.storyboard */; };
		A213FF831C04477E001CD037 /* Assets.xcassets in Resources */ = {isa = PBXBuildFile; fileRef = A213FF821C04477E001CD037 /* Assets.xcassets */; };
		A213FF861C04477E001CD037 /* LaunchScreen.storyboard in Resources */ = {isa = PBXBuildFile; fileRef = A213FF841C04477E001CD037 /* LaunchScreen.storyboard */; };
/* End PBXBuildFile section */

/* Begin PBXFileReference section */
		A213FF781C04477E001CD037 /* ETagExample.app */ = {isa = PBXFileReference; explicitFileType = wrapper.application; includeInIndex = 0; path = ETagExample.app; sourceTree = BUILT_PRODUCTS_DIR; };
		A213FF7B1C04477E001CD037 /* AppDelegate.swift */ = {isa = PBXFileReference; lastKnownFileType = sourcecode.swift; path = AppDelegate.swift; sourceTree = "<group>"; };
		A213FF7D1C04477E001CD037 /* ViewController.swift */ = {isa = PBXFileReference; lastKnownFileType = sourcecode.swift; path = ViewController.swift; sourceTree = "<group>"; };
		A213FF801C04477E001CD037 /* Base */ = {isa = PBXFileReference; lastKnownFileType = file.storyboard; name = Base; path = Base.lproj/Main.storyboard; sourceTree = "<group>"; };
		A213FF821C04477E001CD037 /* Assets.xcassets */ = {isa = PBXFileReference; lastKnownFileType = folder.assetcatalog; path = Assets.xcassets; sourceTree = "<group>"; };
		A213FF851C04477E001CD037 /* Base */ = {isa = PBXFileReference; lastKnownFileType = file.storyboard; name = Base; path = Base.lproj/LaunchScreen.storyboard; sourceTree = "<group>"; };
		A213FF871C04477E001CD037 /* Info.plist */ = {isa = PBXFileReference; lastKnownFileType = text.plist.xml; path = Info.plist; sourceTree = "<group>"; };
/* End PBXFileReference section */

/* Begin PBXFrameworksBuildPhase section */
		A213FF751C04477E001CD037 /* Frameworks */ = {
			isa = PBXFrameworksBuildPhase;
			buildActionMask = 2147483647;
			files = (
			);
			runOnlyForDeploymentPostprocessing = 0;
		};
/* End PBXFrameworksBuildPhase section */

/* Begin PBXGroup section */
		A213FF6F1C04477E001CD037 = {
			isa = PBXGroup;
			children = (
				A213FF7A1C04477E001CD037 /* ETagExample */,
				A213FF791C04477E001CD037 /* Products */,
			);
			sourceTree = "<group>";
		};
		A213FF791C04477E001CD037 /* Products */ = {
			isa = PBXGroup;
			children = (
				A213FF781C04477E001CD037 /* ETagExample.app */,
			);
			name = Products;
			sourceTree = "<group>";
		};
		A213FF7A1C04477E001CD037 /* ETagExample */ = {
			isa = PBXGroup;
			children = (
				A213FF7B1C04477E001CD037 /* AppDelegate.swift */,
				A213FF7D1C04477E001CD037 /* ViewController.swift */,
				A213FF7F1C04477E001CD037 /* Main.storyboard */,
				A213FF821C04477E001CD037 /* Assets.xcassets */,
				A213FF841C04477E001CD037 /* LaunchScreen.storyboard */,
				A213FF871C04477E001CD037 /* Info.plist */,
			);
			path = ETagExample;
			sourceTree = "<group>";
		};
/* End PBXGroup section */

/* Begin PBXNativeTarget section */
		A213FF771C04477E001CD037 /* ETagExample */ = {
			isa = PBXNativeTarget;
			buildConfigurationList = A213FF8A1C04477E001CD037 /* Build configuration list for PBXNativeTarget "ETagExample" */;
			buildPhases = (
				A213FF741C04477E001CD037 /* Sources */,
				A213FF751C04477E001CD037 /* Frameworks */,
				A213FF761C04477E001CD037 /* Resources */,
			);
			buildRules = (
			);
			dependencies = (
			);
			name = ETagExample;
			productName = ETagExample;
			productReference = A213FF781C04477E001CD037 /* ETagExample.app */;
			productType = "com.apple.product-type.application";
		};
/* End PBXNativeTarget section */

/* Begin PBXProject section */
		A213FF701C04477E001CD037 /* Project object */ = {
			isa = PBXProject;
			attributes = {
				LastSwiftUpdateCheck = 0710;
				LastUpgradeCheck = 0820;
				ORGANIZATIONNAME = joywek;
				TargetAttributes = {
					A213FF771C04477E001CD037 = {
						CreatedOnToolsVersion = 7.1.1;
						LastSwiftMigration = 0820;
					};
				};
			};
			buildConfigurationList = A213FF731C04477E001CD037 /* Build configuration list for PBXProject "ETagExample" */;
			compatibilityVersion = "Xcode 3.2";
			developmentRegion = English;
			hasScannedForEncodings = 0;
			knownRegions = (
				en,
				Base,
			);
			mainGroup = A213FF6F1C04477E001CD037;
			productRefGroup = A213FF791C04477E001CD037 /* Products */;
			projectDirPath = "";
			projectRoot = "";
			targets = (
				A213FF771C04477E001CD037 /* ETagExample */,
			);
		};
/* End PBXProject section */

/* Begin PBXResourcesBuildPhase section */
		A213FF761C04477E001CD037 /* Resources */ = {
			isa = PBXResourcesBuildPhase;
			buildActionMask = 2147483647;
			files = (
				A213FF861C04477E001CD037 /* LaunchScreen.storyboard in Resources */,
				A213FF831C04477E001CD037 /* Assets.xcassets in Resources */,
				A213FF811C04477E001CD037 /* Main.storyboard in Resources */,
			);
			runOnlyForDeploymentPostprocessing = 0;
		};
/* End PBXResourcesBuildPhase section */

/* Begin PBXSourcesBuildPhase section */
		A213FF741C04477E001CD037 /* Sources */ = {
			isa = PBXSourcesBuildPhase;
			buildActionMask = 2147483647;
			files = (
				A213FF7E1C04477E001CD037 /* ViewController.swift in Sources */,
				A213FF7C1C04477E001CD037 /* AppDelegate.swift in Sources */,
			);
			runOnlyForDeploymentPostprocessing = 0;
		};
/* End PBXSourcesBuildPhase section */

/* Begin PBXVariantGroup section */
		A213FF7F1C04477E001CD037 /* Main.storyboard */ = {
			isa = PBXVariantGroup;
			children = (
				A213FF801C04477E001CD037 /* Base */,
			);
			name = Main.storyboard;
			sourceTree = "<group>";
		};
		A213FF841C04477E001CD037 /* LaunchScreen.storyboard */ = {
			isa = PBXVariantGroup;
			children = (
				A213FF851C04477E001CD037 /* Base */,
			);
			name = LaunchScreen.storyboard;
			sourceTree = "<group>";
		};
/* End PBXVariantGroup section */

/* Begin XCBuildConfiguration section */
		A213FF881C04477E001CD037 /* Debug */ = {
			isa = XCBuildConfiguration;
			buildSettings = {
				ALWAYS_SEARCH_USER_PATHS = NO;
				CLANG_CXX_LANGUAGE_STANDARD = "gnu++0x";
				CLANG_CXX_LIBRARY = "libc++";
				CLANG_ENABLE_MODULES = YES;
				CLANG_ENABLE_OBJC_ARC = YES;
				CLANG_WARN_BOOL_CONVERSION = YES;
				CLANG_WARN_CONSTANT_CONVERSION = YES;
				CLANG_WARN_DIRECT_OBJC_ISA_USAGE = YES_ERROR;
				CLANG_WARN_EMPTY_BODY = YES;
				CLANG_WARN_ENUM_CONVERSION = YES;
				CLANG_WARN_INFINITE_RECURSION = YES;
				CLANG_WARN_INT_CONVERSION = YES;
				CLANG_WARN_OBJC_ROOT_CLASS = YES_ERROR;
				CLANG_WARN_SUSPICIOUS_MOVE = YES;
				CLANG_WARN_UNREACHABLE_CODE = YES;
				CLANG_WARN__DUPLICATE_METHOD_MATCH = YES;
				"CODE_SIGN_IDENTITY[sdk=iphoneos*]" = "iPhone Developer";
				COPY_PHASE_STRIP = NO;
				DEBUG_INFORMATION_FORMAT = dwarf;
				ENABLE_STRICT_OBJC_MSGSEND = YES;
				ENABLE_TESTABILITY = YES;
				GCC_C_LANGUAGE_STANDARD = gnu99;
				GCC_DYNAMIC_NO_PIC = NO;
				GCC_NO_COMMON_BLOCKS = YES;
				GCC_OPTIMIZATION_LEVEL = 0;
				GCC_PREPROCESSOR_DEFINITIONS = (
					"DEBUG=1",
					"$(inherited)",
				);
				GCC_WARN_64_TO_32_BIT_CONVERSION = YES;
				GCC_WARN_ABOUT_RETURN_TYPE = YES_ERROR;
				GCC_WARN_UNDECLARED_SELECTOR = YES;
				GCC_WARN_UNINITIALIZED_AUTOS = YES_AGGRESSIVE;
				GCC_WARN_UNUSED_FUNCTION = YES;
				GCC_WARN_UNUSED_VARIABLE = YES;
				IPHONEOS_DEPLOYMENT_TARGET = 9.1;
				MTL_ENABLE_DEBUG_INFO = YES;
				ONLY_ACTIVE_ARCH = YES;
				SDKROOT = iphoneos;
				SWIFT_OPTIMIZATION_LEVEL = "-Onone";
				TARGETED_DEVICE_FAMILY = "1,2";
			};
			name = Debug;
		};
		A213FF891C04477E001CD037 /* Release */ = {
			isa = XCBuildConfiguration;
			buildSettings = {
				ALWAYS_SEARCH_USER_PATHS = NO;
				CLANG_CXX_LANGUAGE_STANDARD = "gnu++0x";
				CLANG_CXX_LIBRARY = "libc++";
				CLANG_ENABLE_MODULES = YES;
				CLANG_ENABLE_OBJC_ARC = YES;
				CLANG_WARN_BOOL_CONVERSION = YES;
				CLANG_WARN_CONSTANT_CONVERSION = YES;
				CLANG_WARN_DIRECT_OBJC_ISA_USAGE = YES_ERROR;
				CLANG_WARN_EMPTY_BODY = YES;
				CLANG_WARN_ENUM_CONVERSION = YES;
				CLANG_WARN_INFINITE_RECURSION = YES;
				CLANG_WARN_INT_CONVERSION = YES;
				CLANG_WARN_OBJC_ROOT_CLASS = YES_ERROR;
				CLANG_WARN_SUSPICIOUS_MOVE = YES;
				CLANG_WARN_UNREACHABLE_CODE = YES;
				CLANG_WARN__DUPLICATE_METHOD_MATCH = YES;
				"CODE_SIGN_IDENTITY[sdk=iphoneos*]" = "iPhone Developer";
				COPY_PHASE_STRIP = NO;
				DEBUG_INFORMATION_FORMAT = "dwarf-with-dsym";
				ENABLE_NS_ASSERTIONS = NO;
				ENABLE_STRICT_OBJC_MSGSEND = YES;
				GCC_C_LANGUAGE_STANDARD = gnu99;
				GCC_NO_COMMON_BLOCKS = YES;
				GCC_WARN_64_TO_32_BIT_CONVERSION = YES;
				GCC_WARN_ABOUT_RETURN_TYPE = YES_ERROR;
				GCC_WARN_UNDECLARED_SELECTOR = YES;
				GCC_WARN_UNINITIALIZED_AUTOS = YES_AGGRESSIVE;
				GCC_WARN_UNUSED_FUNCTION = YES;
				GCC_WARN_UNUSED_VARIABLE = YES;
				IPHONEOS_DEPLOYMENT_TARGET = 9.1;
				MTL_ENABLE_DEBUG_INFO = NO;
				SDKROOT = iphoneos;
				SWIFT_OPTIMIZATION_LEVEL = "-Owholemodule";
				TARGETED_DEVICE_FAMILY = "1,2";
				VALIDATE_PRODUCT = YES;
			};
			name = Release;
		};
		A213FF8B1C04477E001CD037 /* Debug */ = {
			isa = XCBuildConfiguration;
			buildSettings = {
				ASSETCATALOG_COMPILER_APPICON_NAME = AppIcon;
				INFOPLIST_FILE = ETagExample/Info.plist;
				LD_RUNPATH_SEARCH_PATHS = "$(inherited) @executable_path/Frameworks";
				PRODUCT_BUNDLE_IDENTIFIER = com.joywek.ETagExample;
				PRODUCT_NAME = "$(TARGET_NAME)";
				SWIFT_VERSION = 3.0;
			};
			name = Debug;
		};
		A213FF8C1C04477E001CD037 /* Release */ = {
			isa = XCBuildConfiguration;
			buildSettings = {
				ASSETCATALOG_COMPILER_APPICON_NAME = AppIcon;
				INFOPLIST_FILE = ETagExample/Info.plist;
				LD_RUNPATH_SEARCH_PATHS = "$(inherited) @executable_path/Frameworks";
				PRODUCT_BUNDLE_IDENTIFIER = com.joywek.ETagExample;
				PRODUCT_NAME = "$(TARGET_NAME)";
				SWIFT_VERSION = 3.0;
			};
			name = Release;
		};
/* End XCBuildConfiguration section */

/* Begin XCConfigurationList section */
		A213FF731C04477E001CD037 /* Build configuration list for PBXProject "ETagExample" */ = {
			isa = XCConfigurationList;
			buildConfigurations = (
				A213FF881C04477E001CD037 /* Debug */,
				A213FF891C04477E001CD037 /* Release */,
			);
			defaultConfigurationIsVisible = 0;
			defaultConfigurationName = Release;
		};
		A213FF8A1C04477E001CD037 /* Build configuration list for PBXNativeTarget "ETagExample" */ = {
			isa = XCConfigurationList;
			buildConfigurations = (
				A213FF8B1C04477E001CD037 /* Debug */,
				A213FF8C1C04477E001CD037 /* Release */,
			);
			defaultConfigurationIsVisible = 0;
			defaultConfigurationName = Release;
		};
/* End XCConfigurationList section */
	};
	rootObject = A213FF701C04477E001CD037 /* Project object */;
}
